// !$*UTF8*$!
{
	archiveVersion = 1;
	classes = {
	};
	objectVersion = 50;
	objects = {

/* Begin PBXBuildFile section */
		F2FA755825C281F500722BDC /* AppDelegate.swift in Sources */ = {isa = PBXBuildFile; fileRef = F2FA755725C281F500722BDC /* AppDelegate.swift */; };
		F2FA755A25C281F500722BDC /* SceneDelegate.swift in Sources */ = {isa = PBXBuildFile; fileRef = F2FA755925C281F500722BDC /* SceneDelegate.swift */; };
		F2FA755C25C281F500722BDC /* ViewController.swift in Sources */ = {isa = PBXBuildFile; fileRef = F2FA755B25C281F500722BDC /* ViewController.swift */; };
		F2FA755F25C281F500722BDC /* Main.storyboard in Resources */ = {isa = PBXBuildFile; fileRef = F2FA755D25C281F500722BDC /* Main.storyboard */; };
		F2FA756125C281F600722BDC /* Assets.xcassets in Resources */ = {isa = PBXBuildFile; fileRef = F2FA756025C281F600722BDC /* Assets.xcassets */; };
		F2FA756425C281F600722BDC /* LaunchScreen.storyboard in Resources */ = {isa = PBXBuildFile; fileRef = F2FA756225C281F600722BDC /* LaunchScreen.storyboard */; };
		F2FA757325C2835800722BDC /* 2.png in Resources */ = {isa = PBXBuildFile; fileRef = F2FA756D25C2835700722BDC /* 2.png */; };
		F2FA757425C2835800722BDC /* 5.png in Resources */ = {isa = PBXBuildFile; fileRef = F2FA756E25C2835700722BDC /* 5.png */; };
		F2FA757525C2835800722BDC /* 6.png in Resources */ = {isa = PBXBuildFile; fileRef = F2FA756F25C2835800722BDC /* 6.png */; };
		F2FA757625C2835800722BDC /* 1.png in Resources */ = {isa = PBXBuildFile; fileRef = F2FA757025C2835800722BDC /* 1.png */; };
		F2FA757725C2835800722BDC /* 3.png in Resources */ = {isa = PBXBuildFile; fileRef = F2FA757125C2835800722BDC /* 3.png */; };
		F2FA757825C2835800722BDC /* 4.png in Resources */ = {isa = PBXBuildFile; fileRef = F2FA757225C2835800722BDC /* 4.png */; };
/* End PBXBuildFile section */

/* Begin PBXFileReference section */
		F2FA755425C281F500722BDC /* ImageViewer.app */ = {isa = PBXFileReference; explicitFileType = wrapper.application; includeInIndex = 0; path = ImageViewer.app; sourceTree = BUILT_PRODUCTS_DIR; };
		F2FA755725C281F500722BDC /* AppDelegate.swift */ = {isa = PBXFileReference; lastKnownFileType = sourcecode.swift; path = AppDelegate.swift; sourceTree = "<group>"; };
		F2FA755925C281F500722BDC /* SceneDelegate.swift */ = {isa = PBXFileReference; lastKnownFileType = sourcecode.swift; path = SceneDelegate.swift; sourceTree = "<group>"; };
		F2FA755B25C281F500722BDC /* ViewController.swift */ = {isa = PBXFileReference; lastKnownFileType = sourcecode.swift; path = ViewController.swift; sourceTree = "<group>"; };
		F2FA755E25C281F500722BDC /* Base */ = {isa = PBXFileReference; lastKnownFileType = file.storyboard; name = Base; path = Base.lproj/Main.storyboard; sourceTree = "<group>"; };
		F2FA756025C281F600722BDC /* Assets.xcassets */ = {isa = PBXFileReference; lastKnownFileType = folder.assetcatalog; path = Assets.xcassets; sourceTree = "<group>"; };
		F2FA756325C281F600722BDC /* Base */ = {isa = PBXFileReference; lastKnownFileType = file.storyboard; name = Base; path = Base.lproj/LaunchScreen.storyboard; sourceTree = "<group>"; };
		F2FA756525C281F600722BDC /* Info.plist */ = {isa = PBXFileReference; lastKnownFileType = text.plist.xml; path = Info.plist; sourceTree = "<group>"; };
		F2FA756D25C2835700722BDC /* 2.png */ = {isa = PBXFileReference; lastKnownFileType = image.png; path = 2.png; sourceTree = "<group>"; };
		F2FA756E25C2835700722BDC /* 5.png */ = {isa = PBXFileReference; lastKnownFileType = image.png; path = 5.png; sourceTree = "<group>"; };
		F2FA756F25C2835800722BDC /* 6.png */ = {isa = PBXFileReference; lastKnownFileType = image.png; path = 6.png; sourceTree = "<group>"; };
		F2FA757025C2835800722BDC /* 1.png */ = {isa = PBXFileReference; lastKnownFileType = image.png; path = 1.png; sourceTree = "<group>"; };
		F2FA757125C2835800722BDC /* 3.png */ = {isa = PBXFileReference; lastKnownFileType = image.png; path = 3.png; sourceTree = "<group>"; };
		F2FA757225C2835800722BDC /* 4.png */ = {isa = PBXFileReference; lastKnownFileType = image.png; path = 4.png; sourceTree = "<group>"; };
/* End PBXFileReference section */

/* Begin PBXFrameworksBuildPhase section */
		F2FA755125C281F500722BDC /* Frameworks */ = {
			isa = PBXFrameworksBuildPhase;
			buildActionMask = 2147483647;
			files = (
			);
			runOnlyForDeploymentPostprocessing = 0;
		};
/* End PBXFrameworksBuildPhase section */

/* Begin PBXGroup section */
		F2FA754B25C281F500722BDC = {
			isa = PBXGroup;
			children = (
				F2FA755625C281F500722BDC /* ImageViewer */,
				F2FA755525C281F500722BDC /* Products */,
			);
			sourceTree = "<group>";
		};
		F2FA755525C281F500722BDC /* Products */ = {
			isa = PBXGroup;
			children = (
				F2FA755425C281F500722BDC /* ImageViewer.app */,
			);
			name = Products;
			sourceTree = "<group>";
		};
		F2FA755625C281F500722BDC /* ImageViewer */ = {
			isa = PBXGroup;
			children = (
				F2FA757025C2835800722BDC /* 1.png */,
				F2FA756D25C2835700722BDC /* 2.png */,
				F2FA757125C2835800722BDC /* 3.png */,
				F2FA757225C2835800722BDC /* 4.png */,
				F2FA756E25C2835700722BDC /* 5.png */,
				F2FA756F25C2835800722BDC /* 6.png */,
				F2FA755725C281F500722BDC /* AppDelegate.swift */,
				F2FA755925C281F500722BDC /* SceneDelegate.swift */,
				F2FA755B25C281F500722BDC /* ViewController.swift */,
				F2FA755D25C281F500722BDC /* Main.storyboard */,
				F2FA756025C281F600722BDC /* Assets.xcassets */,
				F2FA756225C281F600722BDC /* LaunchScreen.storyboard */,
				F2FA756525C281F600722BDC /* Info.plist */,
			);
			path = ImageViewer;
			sourceTree = "<group>";
		};
/* End PBXGroup section */

/* Begin PBXNativeTarget section */
		F2FA755325C281F500722BDC /* ImageViewer */ = {
			isa = PBXNativeTarget;
			buildConfigurationList = F2FA756825C281F600722BDC /* Build configuration list for PBXNativeTarget "ImageViewer" */;
			buildPhases = (
				F2FA755025C281F500722BDC /* Sources */,
				F2FA755125C281F500722BDC /* Frameworks */,
				F2FA755225C281F500722BDC /* Resources */,
			);
			buildRules = (
			);
			dependencies = (
			);
			name = ImageViewer;
			productName = ImageViewer;
			productReference = F2FA755425C281F500722BDC /* ImageViewer.app */;
			productType = "com.apple.product-type.application";
		};
/* End PBXNativeTarget section */

/* Begin PBXProject section */
		F2FA754C25C281F500722BDC /* Project object */ = {
			isa = PBXProject;
			attributes = {
				LastSwiftUpdateCheck = 1240;
				LastUpgradeCheck = 1240;
				TargetAttributes = {
					F2FA755325C281F500722BDC = {
						CreatedOnToolsVersion = 12.4;
					};
				};
			};
			buildConfigurationList = F2FA754F25C281F500722BDC /* Build configuration list for PBXProject "ImageViewer" */;
			compatibilityVersion = "Xcode 9.3";
			developmentRegion = en;
			hasScannedForEncodings = 0;
			knownRegions = (
				en,
				Base,
			);
			mainGroup = F2FA754B25C281F500722BDC;
			productRefGroup = F2FA755525C281F500722BDC /* Products */;
			projectDirPath = "";
			projectRoot = "";
			targets = (
				F2FA755325C281F500722BDC /* ImageViewer */,
			);
		};
/* End PBXProject section */

/* Begin PBXResourcesBuildPhase section */
		F2FA755225C281F500722BDC /* Resources */ = {
			isa = PBXResourcesBuildPhase;
			buildActionMask = 2147483647;
			files = (
				F2FA757825C2835800722BDC /* 4.png in Resources */,
				F2FA757525C2835800722BDC /* 6.png in Resources */,
				F2FA756425C281F600722BDC /* LaunchScreen.storyboard in Resources */,
				F2FA757425C2835800722BDC /* 5.png in Resources */,
				F2FA757725C2835800722BDC /* 3.png in Resources */,
				F2FA756125C281F600722BDC /* Assets.xcassets in Resources */,
				F2FA757325C2835800722BDC /* 2.png in Resources */,
				F2FA755F25C281F500722BDC /* Main.storyboard in Resources */,
				F2FA757625C2835800722BDC /* 1.png in Resources */,
			);
			runOnlyForDeploymentPostprocessing = 0;
		};
/* End PBXResourcesBuildPhase section */

/* Begin PBXSourcesBuildPhase section */
		F2FA755025C281F500722BDC /* Sources */ = {
			isa = PBXSourcesBuildPhase;
			buildActionMask = 2147483647;
			files = (
				F2FA755C25C281F500722BDC /* ViewController.swift in Sources */,
				F2FA755825C281F500722BDC /* AppDelegate.swift in Sources */,
				F2FA755A25C281F500722BDC /* SceneDelegate.swift in Sources */,
			);
			runOnlyForDeploymentPostprocessing = 0;
		};
/* End PBXSourcesBuildPhase section */

/* Begin PBXVariantGroup section */
		F2FA755D25C281F500722BDC /* Main.storyboard */ = {
			isa = PBXVariantGroup;
			children = (
				F2FA755E25C281F500722BDC /* Base */,
			);
			name = Main.storyboard;
			sourceTree = "<group>";
		};
		F2FA756225C281F600722BDC /* LaunchScreen.storyboard */ = {
			isa = PBXVariantGroup;
			children = (
				F2FA756325C281F600722BDC /* Base */,
			);
			name = LaunchScreen.storyboard;
			sourceTree = "<group>";
		};
/* End PBXVariantGroup section */

/* Begin XCBuildConfiguration section */
		F2FA756625C281F600722BDC /* Debug */ = {
			isa = XCBuildConfiguration;
			buildSettings = {
				ALWAYS_SEARCH_USER_PATHS = NO;
				CLANG_ANALYZER_NONNULL = YES;
				CLANG_ANALYZER_NUMBER_OBJECT_CONVERSION = YES_AGGRESSIVE;
				CLANG_CXX_LANGUAGE_STANDARD = "gnu++14";
				CLANG_CXX_LIBRARY = "libc++";
				CLANG_ENABLE_MODULES = YES;
				CLANG_ENABLE_OBJC_ARC = YES;
				CLANG_ENABLE_OBJC_WEAK = YES;
				CLANG_WARN_BLOCK_CAPTURE_AUTORELEASING = YES;
				CLANG_WARN_BOOL_CONVERSION = YES;
				CLANG_WARN_COMMA = YES;
				CLANG_WARN_CONSTANT_CONVERSION = YES;
				CLANG_WARN_DEPRECATED_OBJC_IMPLEMENTATIONS = YES;
				CLANG_WARN_DIRECT_OBJC_ISA_USAGE = YES_ERROR;
				CLANG_WARN_DOCUMENTATION_COMMENTS = YES;
				CLANG_WARN_EMPTY_BODY = YES;
				CLANG_WARN_ENUM_CONVERSION = YES;
				CLANG_WARN_INFINITE_RECURSION = YES;
				CLANG_WARN_INT_CONVERSION = YES;
				CLANG_WARN_NON_LITERAL_NULL_CONVERSION = YES;
				CLANG_WARN_OBJC_IMPLICIT_RETAIN_SELF = YES;
				CLANG_WARN_OBJC_LITERAL_CONVERSION = YES;
				CLANG_WARN_OBJC_ROOT_CLASS = YES_ERROR;
				CLANG_WARN_QUOTED_INCLUDE_IN_FRAMEWORK_HEADER = YES;
				CLANG_WARN_RANGE_LOOP_ANALYSIS = YES;
				CLANG_WARN_STRICT_PROTOTYPES = YES;
				CLANG_WARN_SUSPICIOUS_MOVE = YES;
				CLANG_WARN_UNGUARDED_AVAILABILITY = YES_AGGRESSIVE;
				CLANG_WARN_UNREACHABLE_CODE = YES;
				CLANG_WARN__DUPLICATE_METHOD_MATCH = YES;
				COPY_PHASE_STRIP = NO;
				DEBUG_INFORMATION_FORMAT = dwarf;
				ENABLE_STRICT_OBJC_MSGSEND = YES;
				ENABLE_TESTABILITY = YES;
				GCC_C_LANGUAGE_STANDARD = gnu11;
				GCC_DYNAMIC_NO_PIC = NO;
				GCC_NO_COMMON_BLOCKS = YES;
				GCC_OPTIMIZATION_LEVEL = 0;
				GCC_PREPROCESSOR_DEFINITIONS = (
					"DEBUG=1",
					"$(inherited)",
				);
				GCC_WARN_64_TO_32_BIT_CONVERSION = YES;
				GCC_WARN_ABOUT_RETURN_TYPE = YES_ERROR;
				GCC_WARN_UNDECLARED_SELECTOR = YES;
				GCC_WARN_UNINITIALIZED_AUTOS = YES_AGGRESSIVE;
				GCC_WARN_UNUSED_FUNCTION = YES;
				GCC_WARN_UNUSED_VARIABLE = YES;
				IPHONEOS_DEPLOYMENT_TARGET = 14.4;
				MTL_ENABLE_DEBUG_INFO = INCLUDE_SOURCE;
				MTL_FAST_MATH = YES;
				ONLY_ACTIVE_ARCH = YES;
				SDKROOT = iphoneos;
				SWIFT_ACTIVE_COMPILATION_CONDITIONS = DEBUG;
				SWIFT_OPTIMIZATION_LEVEL = "-Onone";
			};
			name = Debug;
		};
		F2FA756725C281F600722BDC /* Release */ = {
			isa = XCBuildConfiguration;
			buildSettings = {
				ALWAYS_SEARCH_USER_PATHS = NO;
				CLANG_ANALYZER_NONNULL = YES;
				CLANG_ANALYZER_NUMBER_OBJECT_CONVERSION = YES_AGGRESSIVE;
				CLANG_CXX_LANGUAGE_STANDARD = "gnu++14";
				CLANG_CXX_LIBRARY = "libc++";
				CLANG_ENABLE_MODULES = YES;
				CLANG_ENABLE_OBJC_ARC = YES;
				CLANG_ENABLE_OBJC_WEAK = YES;
				CLANG_WARN_BLOCK_CAPTURE_AUTORELEASING = YES;
				CLANG_WARN_BOOL_CONVERSION = YES;
				CLANG_WARN_COMMA = YES;
				CLANG_WARN_CONSTANT_CONVERSION = YES;
				CLANG_WARN_DEPRECATED_OBJC_IMPLEMENTATIONS = YES;
				CLANG_WARN_DIRECT_OBJC_ISA_USAGE = YES_ERROR;
				CLANG_WARN_DOCUMENTATION_COMMENTS = YES;
				CLANG_WARN_EMPTY_BODY = YES;
				CLANG_WARN_ENUM_CONVERSION = YES;
				CLANG_WARN_INFINITE_RECURSION = YES;
				CLANG_WARN_INT_CONVERSION = YES;
				CLANG_WARN_NON_LITERAL_NULL_CONVERSION = YES;
				CLANG_WARN_OBJC_IMPLICIT_RETAIN_SELF = YES;
				CLANG_WARN_OBJC_LITERAL_CONVERSION = YES;
				CLANG_WARN_OBJC_ROOT_CLASS = YES_ERROR;
				CLANG_WARN_QUOTED_INCLUDE_IN_FRAMEWORK_HEADER = YES;
				CLANG_WARN_RANGE_LOOP_ANALYSIS = YES;
				CLANG_WARN_STRICT_PROTOTYPES = YES;
				CLANG_WARN_SUSPICIOUS_MOVE = YES;
				CLANG_WARN_UNGUARDED_AVAILABILITY = YES_AGGRESSIVE;
				CLANG_WARN_UNREACHABLE_CODE = YES;
				CLANG_WARN__DUPLICATE_METHOD_MATCH = YES;
				COPY_PHASE_STRIP = NO;
				DEBUG_INFORMATION_FORMAT = "dwarf-with-dsym";
				ENABLE_NS_ASSERTIONS = NO;
				ENABLE_STRICT_OBJC_MSGSEND = YES;
				GCC_C_LANGUAGE_STANDARD = gnu11;
				GCC_NO_COMMON_BLOCKS = YES;
				GCC_WARN_64_TO_32_BIT_CONVERSION = YES;
				GCC_WARN_ABOUT_RETURN_TYPE = YES_ERROR;
				GCC_WARN_UNDECLARED_SELECTOR = YES;
				GCC_WARN_UNINITIALIZED_AUTOS = YES_AGGRESSIVE;
				GCC_WARN_UNUSED_FUNCTION = YES;
				GCC_WARN_UNUSED_VARIABLE = YES;
				IPHONEOS_DEPLOYMENT_TARGET = 14.4;
				MTL_ENABLE_DEBUG_INFO = NO;
				MTL_FAST_MATH = YES;
				SDKROOT = iphoneos;
				SWIFT_COMPILATION_MODE = wholemodule;
				SWIFT_OPTIMIZATION_LEVEL = "-O";
				VALIDATE_PRODUCT = YES;
			};
			name = Release;
		};
		F2FA756925C281F600722BDC /* Debug */ = {
			isa = XCBuildConfiguration;
			buildSettings = {
				ASSETCATALOG_COMPILER_APPICON_NAME = AppIcon;
				ASSETCATALOG_COMPILER_GLOBAL_ACCENT_COLOR_NAME = AccentColor;
				CODE_SIGN_STYLE = Automatic;
				INFOPLIST_FILE = ImageViewer/Info.plist;
				LD_RUNPATH_SEARCH_PATHS = (
					"$(inherited)",
					"@executable_path/Frameworks",
				);
				PRODUCT_BUNDLE_IDENTIFIER = com.sol2.ImageViewer;
				PRODUCT_NAME = "$(TARGET_NAME)";
				SWIFT_VERSION = 5.0;
				TARGETED_DEVICE_FAMILY = "1,2";
			};
			name = Debug;
		};
		F2FA756A25C281F600722BDC /* Release */ = {
			isa = XCBuildConfiguration;
			buildSettings = {
				ASSETCATALOG_COMPILER_APPICON_NAME = AppIcon;
				ASSETCATALOG_COMPILER_GLOBAL_ACCENT_COLOR_NAME = AccentColor;
				CODE_SIGN_STYLE = Automatic;
				INFOPLIST_FILE = ImageViewer/Info.plist;
				LD_RUNPATH_SEARCH_PATHS = (
					"$(inherited)",
					"@executable_path/Frameworks",
				);
				PRODUCT_BUNDLE_IDENTIFIER = com.sol2.ImageViewer;
				PRODUCT_NAME = "$(TARGET_NAME)";
				SWIFT_VERSION = 5.0;
				TARGETED_DEVICE_FAMILY = "1,2";
			};
			name = Release;
		};
/* End XCBuildConfiguration section */

/* Begin XCConfigurationList section */
		F2FA754F25C281F500722BDC /* Build configuration list for PBXProject "ImageViewer" */ = {
			isa = XCConfigurationList;
			buildConfigurations = (
				F2FA756625C281F600722BDC /* Debug */,
				F2FA756725C281F600722BDC /* Release */,
			);
			defaultConfigurationIsVisible = 0;
			defaultConfigurationName = Release;
		};
		F2FA756825C281F600722BDC /* Build configuration list for PBXNativeTarget "ImageViewer" */ = {
			isa = XCConfigurationList;
			buildConfigurations = (
				F2FA756925C281F600722BDC /* Debug */,
				F2FA756A25C281F600722BDC /* Release */,
			);
			defaultConfigurationIsVisible = 0;
			defaultConfigurationName = Release;
		};
/* End XCConfigurationList section */
	};
	rootObject = F2FA754C25C281F500722BDC /* Project object */;
}
